
Microsoft Visual Studio Solution File, Format Version 12.00
# Visual Studio Version 17
VisualStudioVersion = 17.11.35312.102
MinimumVisualStudioVersion = 10.0.40219.1
Project("{FAE04EC0-301F-11D3-BF4B-00C04F79EFBC}") = "Triumph.Uds", "UdsLibrary\Triumph.Uds.csproj", "{E955586D-2120-437F-AF64-AF7F816A77EE}"
EndProject
Project("{FAE04EC0-301F-11D3-BF4B-00C04F79EFBC}") = "IsoTpLibrary", "..\isotp-csharp\IsoTpLibrary\IsoTpLibrary.csproj", "{00B07BED-948C-47D3-BF10-6C1992852BAB}"
EndProject
Project("{FAE04EC0-301F-11D3-BF4B-00C04F79EFBC}") = "Triumph.UdsTests", "Triumph.UdsTests\Triumph.UdsTests.csproj", "{A57A2CB4-7F0E-42F5-A747-1929E580AB4C}"
EndProject
Project("{9A19103F-16F7-4668-BE54-9A1E7A4F7556}") = "ZLG.CAN", "..\ZLG.CAN\ZLG.CAN\ZLG.CAN.csproj", "{4E3743B4-DDB7-49B8-9354-08A157ADF246}"
EndProject
Global
	GlobalSection(SolutionConfigurationPlatforms) = preSolution
		Debug|Any CPU = Debug|Any CPU
		Release|Any CPU = Release|Any CPU
	EndGlobalSection
	GlobalSection(ProjectConfigurationPlatforms) = postSolution
		{E955586D-2120-437F-AF64-AF7F816A77EE}.Debug|Any CPU.ActiveCfg = Debug|Any CPU
		{E955586D-2120-437F-AF64-AF7F816A77EE}.Debug|Any CPU.Build.0 = Debug|Any CPU
		{E955586D-2120-437F-AF64-AF7F816A77EE}.Release|Any CPU.ActiveCfg = Release|Any CPU
		{E955586D-2120-437F-AF64-AF7F816A77EE}.Release|Any CPU.Build.0 = Release|Any CPU
		{00B07BED-948C-47D3-BF10-6C1992852BAB}.Debug|Any CPU.ActiveCfg = Debug|Any CPU
		{00B07BED-948C-47D3-BF10-6C1992852BAB}.Debug|Any CPU.Build.0 = Debug|Any CPU
		{00B07BED-948C-47D3-BF10-6C1992852BAB}.Release|Any CPU.ActiveCfg = Release|Any CPU
		{00B07BED-948C-47D3-BF10-6C1992852BAB}.Release|Any CPU.Build.0 = Release|Any CPU
		{A57A2CB4-7F0E-42F5-A747-1929E580AB4C}.Debug|Any CPU.ActiveCfg = Debug|Any CPU
		{A57A2CB4-7F0E-42F5-A747-1929E580AB4C}.Debug|Any CPU.Build.0 = Debug|Any CPU
		{A57A2CB4-7F0E-42F5-A747-1929E580AB4C}.Release|Any CPU.ActiveCfg = Release|Any CPU
		{A57A2CB4-7F0E-42F5-A747-1929E580AB4C}.Release|Any CPU.Build.0 = Release|Any CPU
		{4E3743B4-DDB7-49B8-9354-08A157ADF246}.Debug|Any CPU.ActiveCfg = Debug|Any CPU
		{4E3743B4-DDB7-49B8-9354-08A157ADF246}.Debug|Any CPU.Build.0 = Debug|Any CPU
		{4E3743B4-DDB7-49B8-9354-08A157ADF246}.Release|Any CPU.ActiveCfg = Release|Any CPU
		{4E3743B4-DDB7-49B8-9354-08A157ADF246}.Release|Any CPU.Build.0 = Release|Any CPU
	EndGlobalSection
	GlobalSection(SolutionProperties) = preSolution
		HideSolutionNode = FALSE
	EndGlobalSection
	GlobalSection(ExtensibilityGlobals) = postSolution
		SolutionGuid = {C07B8DB0-9D05-48E8-A7C6-EAE61BDE0C0A}
	EndGlobalSection
EndGlobal
